lockfileVersion: 5.3

specifiers:
  '@types/pino': ^7.0.5
  fastify: ^3.27.0
  mongodb: ^4.3.1
  pino: ^7.6.4

dependencies:
  fastify: registry.npmmirror.com/fastify/3.27.0
  mongodb: registry.npmmirror.com/mongodb/4.3.1
  pino: registry.npmmirror.com/pino/7.6.4

devDependencies:
  '@types/pino': registry.npmmirror.com/@types/pino/7.0.5

packages:

  registry.nlark.com/archy/1.0.0:
    resolution: {integrity: sha1-+cjBN1fMHde8N5rHeyxipcKGjEA=, registry: https://registry.npm.taobao.org/, tarball: https://registry.nlark.com/archy/download/archy-1.0.0.tgz}
    name: archy
    version: 1.0.0
    dev: false

  registry.nlark.com/base64-js/1.5.1:
    resolution: {integrity: sha1-GxtEAWClv3rUC2UPCVljSBkDkwo=, registry: https://registry.npm.taobao.org/, tarball: https://registry.nlark.com/base64-js/download/base64-js-1.5.1.tgz}
    name: base64-js
    version: 1.5.1
    dev: false

  registry.nlark.com/denque/2.0.1:
    resolution: {integrity: sha1-vO9MG4DcMu/pdRV0TyGkIpq4k0o=, registry: https://registry.npm.taobao.org/, tarball: https://registry.nlark.com/denque/download/denque-2.0.1.tgz}
    name: denque
    version: 2.0.1
    engines: {node: '>=0.10'}
    dev: false

  registry.nlark.com/duplexify/4.1.2:
    resolution: {integrity: sha1-GLT40oKJEy+guVc8iY2fkD+Bx7A=, registry: https://registry.npm.taobao.org/, tarball: https://registry.nlark.com/duplexify/download/duplexify-4.1.2.tgz}
    name: duplexify
    version: 4.1.2
    dependencies:
      end-of-stream: registry.nlark.com/end-of-stream/1.4.4
      inherits: registry.nlark.com/inherits/2.0.4
      readable-stream: registry.nlark.com/readable-stream/3.6.0
      stream-shift: registry.nlark.com/stream-shift/1.0.1

  registry.nlark.com/end-of-stream/1.4.4:
    resolution: {integrity: sha1-WuZKX0UFe682JuwU2gyl5LJDHrA=, registry: https://registry.npm.taobao.org/, tarball: https://registry.nlark.com/end-of-stream/download/end-of-stream-1.4.4.tgz}
    name: end-of-stream
    version: 1.4.4
    dependencies:
      once: registry.nlark.com/once/1.4.0

  registry.nlark.com/fast-deep-equal/3.1.3:
    resolution: {integrity: sha1-On1WtVnWy8PrUSMlJE5hmmXGxSU=, registry: https://registry.npm.taobao.org/, tarball: https://registry.nlark.com/fast-deep-equal/download/fast-deep-equal-3.1.3.tgz}
    name: fast-deep-equal
    version: 3.1.3
    dev: false

  registry.nlark.com/fast-json-stable-stringify/2.1.0:
    resolution: {integrity: sha1-h0v2nG9ATCtdmcSBNBOZ/VWJJjM=, registry: https://registry.npm.taobao.org/, tarball: https://registry.nlark.com/fast-json-stable-stringify/download/fast-json-stable-stringify-2.1.0.tgz?cache=0&other_urls=https%3A%2F%2Fregistry.nlark.com%2Ffast-json-stable-stringify%2Fdownload%2Ffast-json-stable-stringify-2.1.0.tgz}
    name: fast-json-stable-stringify
    version: 2.1.0
    dev: false

  registry.nlark.com/fast-safe-stringify/2.1.1:
    resolution: {integrity: sha1-xAaoO25w2eNc47MKgRQd8wrrqIQ=, registry: https://registry.npm.taobao.org/, tarball: https://registry.nlark.com/fast-safe-stringify/download/fast-safe-stringify-2.1.1.tgz}
    name: fast-safe-stringify
    version: 2.1.1
    dev: false

  registry.nlark.com/fastq/1.13.0:
    resolution: {integrity: sha1-YWdg+Ip1Jr38WWt8q4wYk4w2uYw=, registry: https://registry.npm.taobao.org/, tarball: https://registry.nlark.com/fastq/download/fastq-1.13.0.tgz}
    name: fastq
    version: 1.13.0
    dependencies:
      reusify: registry.nlark.com/reusify/1.0.4
    dev: false

  registry.nlark.com/forwarded/0.2.0:
    resolution: {integrity: sha1-ImmTZCiq1MFcfr6XeahL8LKoGBE=, registry: https://registry.npm.taobao.org/, tarball: https://registry.nlark.com/forwarded/download/forwarded-0.2.0.tgz}
    name: forwarded
    version: 0.2.0
    engines: {node: '>= 0.6'}
    dev: false

  registry.nlark.com/ieee754/1.2.1:
    resolution: {integrity: sha1-jrehCmP/8l0VpXsAFYbRd9Gw01I=, registry: https://registry.npm.taobao.org/, tarball: https://registry.nlark.com/ieee754/download/ieee754-1.2.1.tgz}
    name: ieee754
    version: 1.2.1
    dev: false

  registry.nlark.com/inherits/2.0.4:
    resolution: {integrity: sha1-D6LGT5MpF8NDOg3tVTY6rjdBa3w=, registry: https://registry.npm.taobao.org/, tarball: https://registry.nlark.com/inherits/download/inherits-2.0.4.tgz}
    name: inherits
    version: 2.0.4

  registry.nlark.com/ip/1.1.5:
    resolution: {integrity: sha1-vd7XARQpCCjAoDnnLvJfWq7ENUo=, registry: https://registry.npm.taobao.org/, tarball: https://registry.nlark.com/ip/download/ip-1.1.5.tgz}
    name: ip
    version: 1.1.5
    dev: false

  registry.nlark.com/ipaddr.js/1.9.1:
    resolution: {integrity: sha1-v/OFQ+64mEglB5/zoqjmy9RngbM=, registry: https://registry.npm.taobao.org/, tarball: https://registry.nlark.com/ipaddr.js/download/ipaddr.js-1.9.1.tgz}
    name: ipaddr.js
    version: 1.9.1
    engines: {node: '>= 0.10'}
    dev: false

  registry.nlark.com/json-schema-traverse/0.4.1:
    resolution: {integrity: sha1-afaofZUTq4u4/mO9sJecRI5oRmA=, registry: https://registry.npm.taobao.org/, tarball: https://registry.nlark.com/json-schema-traverse/download/json-schema-traverse-0.4.1.tgz}
    name: json-schema-traverse
    version: 0.4.1
    dev: false

  registry.nlark.com/json-schema-traverse/1.0.0:
    resolution: {integrity: sha1-rnvLNlard6c7pcSb9lTzjmtoYOI=, registry: https://registry.npm.taobao.org/, tarball: https://registry.nlark.com/json-schema-traverse/download/json-schema-traverse-1.0.0.tgz}
    name: json-schema-traverse
    version: 1.0.0
    dev: false

  registry.nlark.com/lru-cache/6.0.0:
    resolution: {integrity: sha1-bW/mVw69lqr5D8rR2vo7JWbbOpQ=, registry: https://registry.npm.taobao.org/, tarball: https://registry.nlark.com/lru-cache/download/lru-cache-6.0.0.tgz}
    name: lru-cache
    version: 6.0.0
    engines: {node: '>=10'}
    dependencies:
      yallist: registry.nlark.com/yallist/4.0.0
    dev: false

  registry.nlark.com/memory-pager/1.5.0:
    resolution: {integrity: sha1-2HUWVdItOEaCdByXLyw9bfo+ZrU=, registry: https://registry.npm.taobao.org/, tarball: https://registry.nlark.com/memory-pager/download/memory-pager-1.5.0.tgz}
    name: memory-pager
    version: 1.5.0
    dev: false
    optional: true

  registry.nlark.com/once/1.4.0:
    resolution: {integrity: sha1-WDsap3WWHUsROsF9nFC6753Xa9E=, registry: https://registry.npm.taobao.org/, tarball: https://registry.nlark.com/once/download/once-1.4.0.tgz}
    name: once
    version: 1.4.0
    dependencies:
      wrappy: registry.nlark.com/wrappy/1.0.2

  registry.nlark.com/punycode/2.1.1:
    resolution: {integrity: sha1-tYsBCsQMIsVldhbI0sLALHv0eew=, registry: https://registry.npm.taobao.org/, tarball: https://registry.nlark.com/punycode/download/punycode-2.1.1.tgz}
    name: punycode
    version: 2.1.1
    engines: {node: '>=6'}
    dev: false

  registry.nlark.com/queue-microtask/1.2.3:
    resolution: {integrity: sha1-SSkii7xyTfrEPg77BYyve2z7YkM=, registry: https://registry.npm.taobao.org/, tarball: https://registry.nlark.com/queue-microtask/download/queue-microtask-1.2.3.tgz}
    name: queue-microtask
    version: 1.2.3
    dev: false

  registry.nlark.com/readable-stream/3.6.0:
    resolution: {integrity: sha1-M3u9o63AcGvT4CRCaihtS0sskZg=, registry: https://registry.npm.taobao.org/, tarball: https://registry.nlark.com/readable-stream/download/readable-stream-3.6.0.tgz}
    name: readable-stream
    version: 3.6.0
    engines: {node: '>= 6'}
    dependencies:
      inherits: registry.nlark.com/inherits/2.0.4
      string_decoder: registry.nlark.com/string_decoder/1.3.0
      util-deprecate: registry.nlark.com/util-deprecate/1.0.2

  registry.nlark.com/require-from-string/2.0.2:
    resolution: {integrity: sha1-iaf92TgmEmcxjq/hT5wy5ZjDaQk=, registry: https://registry.npm.taobao.org/, tarball: https://registry.nlark.com/require-from-string/download/require-from-string-2.0.2.tgz}
    name: require-from-string
    version: 2.0.2
    engines: {node: '>=0.10.0'}
    dev: false

  registry.nlark.com/reusify/1.0.4:
    resolution: {integrity: sha1-kNo4Kx4SbvwCFG6QhFqI2xKSXXY=, registry: https://registry.npm.taobao.org/, tarball: https://registry.nlark.com/reusify/download/reusify-1.0.4.tgz}
    name: reusify
    version: 1.0.4
    engines: {iojs: '>=1.0.0', node: '>=0.10.0'}
    dev: false

  registry.nlark.com/rfdc/1.3.0:
    resolution: {integrity: sha1-0LfEQasnINBdxM8m4ByJYx2doIs=, registry: https://registry.npm.taobao.org/, tarball: https://registry.nlark.com/rfdc/download/rfdc-1.3.0.tgz}
    name: rfdc
    version: 1.3.0
    dev: false

  registry.nlark.com/safe-buffer/5.2.1:
    resolution: {integrity: sha1-Hq+fqb2x/dTsdfWPnNtOa3gn7sY=, registry: https://registry.npm.taobao.org/, tarball: https://registry.nlark.com/safe-buffer/download/safe-buffer-5.2.1.tgz}
    name: safe-buffer
    version: 5.2.1

  registry.nlark.com/saslprep/1.0.3:
    resolution: {integrity: sha1-TAL5RrVs9UKX40e6EJPnrKxM8iY=, registry: https://registry.npm.taobao.org/, tarball: https://registry.nlark.com/saslprep/download/saslprep-1.0.3.tgz}
    name: saslprep
    version: 1.0.3
    engines: {node: '>=6'}
    requiresBuild: true
    dependencies:
      sparse-bitfield: registry.nlark.com/sparse-bitfield/3.0.3
    dev: false
    optional: true

  registry.nlark.com/semver/7.3.5:
    resolution: {integrity: sha1-C2Ich5NI2JmOSw5L6Us/EuYBjvc=, registry: https://registry.npm.taobao.org/, tarball: https://registry.nlark.com/semver/download/semver-7.3.5.tgz?cache=0&sync_timestamp=1631500167672&other_urls=https%3A%2F%2Fregistry.nlark.com%2Fsemver%2Fdownload%2Fsemver-7.3.5.tgz}
    name: semver
    version: 7.3.5
    engines: {node: '>=10'}
    hasBin: true
    dependencies:
      lru-cache: registry.nlark.com/lru-cache/6.0.0
    dev: false

  registry.nlark.com/set-cookie-parser/2.4.8:
    resolution: {integrity: sha1-0NoO04i8jyTnBqOR+cniUqE8WLI=, registry: https://registry.npm.taobao.org/, tarball: https://registry.nlark.com/set-cookie-parser/download/set-cookie-parser-2.4.8.tgz}
    name: set-cookie-parser
    version: 2.4.8
    dev: false

  registry.nlark.com/smart-buffer/4.2.0:
    resolution: {integrity: sha1-bh1x+k8YwF99D/IW3RakgdDo2a4=, registry: https://registry.npm.taobao.org/, tarball: https://registry.nlark.com/smart-buffer/download/smart-buffer-4.2.0.tgz}
    name: smart-buffer
    version: 4.2.0
    engines: {node: '>= 6.0.0', npm: '>= 3.0.0'}
    dev: false

  registry.nlark.com/socks/2.6.1:
    resolution: {integrity: sha1-mJ5lNKB88zfesbHJSqpEKWUg0w4=, registry: https://registry.npm.taobao.org/, tarball: https://registry.nlark.com/socks/download/socks-2.6.1.tgz}
    name: socks
    version: 2.6.1
    engines: {node: '>= 10.13.0', npm: '>= 3.0.0'}
    dependencies:
      ip: registry.nlark.com/ip/1.1.5
      smart-buffer: registry.nlark.com/smart-buffer/4.2.0
    dev: false

  registry.nlark.com/sparse-bitfield/3.0.3:
    resolution: {integrity: sha1-/0rm5oZWBWuks+eSqzM004JzyhE=, registry: https://registry.npm.taobao.org/, tarball: https://registry.nlark.com/sparse-bitfield/download/sparse-bitfield-3.0.3.tgz}
    name: sparse-bitfield
    version: 3.0.3
    dependencies:
      memory-pager: registry.nlark.com/memory-pager/1.5.0
    dev: false
    optional: true

  registry.nlark.com/stream-shift/1.0.1:
    resolution: {integrity: sha1-1wiCgVWasneEJCebCHfaPDktWj0=, registry: https://registry.npm.taobao.org/, tarball: https://registry.nlark.com/stream-shift/download/stream-shift-1.0.1.tgz}
    name: stream-shift
    version: 1.0.1

  registry.nlark.com/string_decoder/1.3.0:
    resolution: {integrity: sha1-QvEUWUpGzxqOMLCoT1bHjD7awh4=, registry: https://registry.npm.taobao.org/, tarball: https://registry.nlark.com/string_decoder/download/string_decoder-1.3.0.tgz}
    name: string_decoder
    version: 1.3.0
    dependencies:
      safe-buffer: registry.nlark.com/safe-buffer/5.2.1

  registry.nlark.com/uri-js/4.4.1:
    resolution: {integrity: sha1-mxpSWVIlhZ5V9mnZKPiMbFfyp34=, registry: https://registry.npm.taobao.org/, tarball: https://registry.nlark.com/uri-js/download/uri-js-4.4.1.tgz}
    name: uri-js
    version: 4.4.1
    dependencies:
      punycode: registry.nlark.com/punycode/2.1.1
    dev: false

  registry.nlark.com/util-deprecate/1.0.2:
    resolution: {integrity: sha1-RQ1Nyfpw3nMnYvvS1KKJgUGaDM8=, registry: https://registry.npm.taobao.org/, tarball: https://registry.nlark.com/util-deprecate/download/util-deprecate-1.0.2.tgz}
    name: util-deprecate
    version: 1.0.2

  registry.nlark.com/webidl-conversions/7.0.0:
    resolution: {integrity: sha1-JWtOGIK+feu/AdBfCqIDl3jqCAo=, registry: https://registry.npm.taobao.org/, tarball: https://registry.nlark.com/webidl-conversions/download/webidl-conversions-7.0.0.tgz}
    name: webidl-conversions
    version: 7.0.0
    engines: {node: '>=12'}
    dev: false

  registry.nlark.com/wrappy/1.0.2:
    resolution: {integrity: sha1-tSQ9jz7BqjXxNkYFvA0QNuMKtp8=, registry: https://registry.npm.taobao.org/, tarball: https://registry.nlark.com/wrappy/download/wrappy-1.0.2.tgz}
    name: wrappy
    version: 1.0.2

  registry.nlark.com/yallist/4.0.0:
    resolution: {integrity: sha1-m7knkNnA7/7GO+c1GeEaNQGaOnI=, registry: https://registry.npm.taobao.org/, tarball: https://registry.nlark.com/yallist/download/yallist-4.0.0.tgz}
    name: yallist
    version: 4.0.0
    dev: false

  registry.npmmirror.com/@fastify/ajv-compiler/1.1.0:
    resolution: {integrity: sha1-XOgLH8i+v/yMW6Qo1eOS0PntEKE=, registry: https://registry.npm.taobao.org/, tarball: https://registry.npmmirror.com/@fastify/ajv-compiler/download/@fastify/ajv-compiler-1.1.0.tgz}
    name: '@fastify/ajv-compiler'
    version: 1.1.0
    dependencies:
      ajv: registry.npmmirror.com/ajv/6.12.6
    dev: false

  registry.npmmirror.com/@types/node/17.0.12:
    resolution: {integrity: sha512-4YpbAsnJXWYK/fpTVFlMIcUIho2AYCi4wg5aNPrG1ng7fn/1/RZfCIpRCiBX+12RVa34RluilnvCqD+g3KiSiA==, registry: https://registry.npm.taobao.org/, tarball: https://registry.npmmirror.com/@types/node/download/@types/node-17.0.12.tgz}
    name: '@types/node'
    version: 17.0.12
    dev: false

  registry.npmmirror.com/@types/pino/7.0.5:
    resolution: {integrity: sha512-wKoab31pknvILkxAF8ss+v9iNyhw5Iu/0jLtRkUD74cNfOOLJNnqfFKAv0r7wVaTQxRZtWrMpGfShwwBjOcgcg==, registry: https://registry.npm.taobao.org/, tarball: https://registry.npmmirror.com/@types/pino/download/@types/pino-7.0.5.tgz}
    name: '@types/pino'
    version: 7.0.5
    deprecated: This is a stub types definition. pino provides its own type definitions, so you do not need this installed.
    dependencies:
      pino: registry.npmmirror.com/pino/7.6.4
    dev: true

  registry.npmmirror.com/@types/webidl-conversions/6.1.1:
    resolution: {integrity: sha1-4zvI6oEqAfY/kEgcZmM0hEsSoJ4=, registry: https://registry.npm.taobao.org/, tarball: https://registry.npmmirror.com/@types/webidl-conversions/download/@types/webidl-conversions-6.1.1.tgz}
    name: '@types/webidl-conversions'
    version: 6.1.1
    dev: false

  registry.npmmirror.com/@types/whatwg-url/8.2.1:
    resolution: {integrity: sha1-8arCItq3xZ4BFmOgywoxF7LvBdQ=, registry: https://registry.npm.taobao.org/, tarball: https://registry.npmmirror.com/@types/whatwg-url/download/@types/whatwg-url-8.2.1.tgz}
    name: '@types/whatwg-url'
    version: 8.2.1
    dependencies:
      '@types/node': registry.npmmirror.com/@types/node/17.0.12
      '@types/webidl-conversions': registry.npmmirror.com/@types/webidl-conversions/6.1.1
    dev: false

  registry.npmmirror.com/abstract-logging/2.0.1:
    resolution: {integrity: sha1-aww3HfIS23EptX0uf88oK4vxyDk=, registry: https://registry.npm.taobao.org/, tarball: https://registry.npmmirror.com/abstract-logging/download/abstract-logging-2.0.1.tgz}
    name: abstract-logging
    version: 2.0.1
    dev: false

  registry.npmmirror.com/ajv/6.12.6:
    resolution: {integrity: sha512-j3fVLgvTo527anyYyJOGTYJbG+vnnQYvE0m5mmkc1TK+nxAppkCLMIL0aZ4dblVCNoGShhm+kzE4ZUykBoMg4g==, registry: https://registry.npm.taobao.org/, tarball: https://registry.npmmirror.com/ajv/download/ajv-6.12.6.tgz}
    name: ajv
    version: 6.12.6
    dependencies:
      fast-deep-equal: registry.nlark.com/fast-deep-equal/3.1.3
      fast-json-stable-stringify: registry.nlark.com/fast-json-stable-stringify/2.1.0
      json-schema-traverse: registry.nlark.com/json-schema-traverse/0.4.1
      uri-js: registry.nlark.com/uri-js/4.4.1
    dev: false

  registry.npmmirror.com/ajv/8.9.0:
    resolution: {integrity: sha512-qOKJyNj/h+OWx7s5DePL6Zu1KeM9jPZhwBqs+7DzP6bGOvqzVCSf0xueYmVuaC/oQ/VtS2zLMLHdQFbkka+XDQ==, registry: https://registry.npm.taobao.org/, tarball: https://registry.npmmirror.com/ajv/download/ajv-8.9.0.tgz}
    name: ajv
    version: 8.9.0
    dependencies:
      fast-deep-equal: registry.nlark.com/fast-deep-equal/3.1.3
      json-schema-traverse: registry.nlark.com/json-schema-traverse/1.0.0
      require-from-string: registry.nlark.com/require-from-string/2.0.2
      uri-js: registry.nlark.com/uri-js/4.4.1
    dev: false

  registry.npmmirror.com/atomic-sleep/1.0.0:
    resolution: {integrity: sha1-64W3emAfyTLP5DLFrNNkqeLJB1s=, registry: https://registry.npm.taobao.org/, tarball: https://registry.npmmirror.com/atomic-sleep/download/atomic-sleep-1.0.0.tgz}
    name: atomic-sleep
    version: 1.0.0
    engines: {node: '>=8.0.0'}

  registry.npmmirror.com/avvio/7.2.2:
    resolution: {integrity: sha1-WOAOeWiHACbNe31PaJ1ZbbYp4lE=, registry: https://registry.npm.taobao.org/, tarball: https://registry.npmmirror.com/avvio/download/avvio-7.2.2.tgz}
    name: avvio
    version: 7.2.2
    dependencies:
      archy: registry.nlark.com/archy/1.0.0
      debug: registry.npmmirror.com/debug/4.3.3
      fastq: registry.nlark.com/fastq/1.13.0
      queue-microtask: registry.nlark.com/queue-microtask/1.2.3
    transitivePeerDependencies:
      - supports-color
    dev: false

  registry.npmmirror.com/bson/4.6.1:
    resolution: {integrity: sha512-I1LQ7Hz5zgwR4QquilLNZwbhPw0Apx7i7X9kGMBTsqPdml/03Q9NBtD9nt/19ahjlphktQImrnderxqpzeVDjw==, registry: https://registry.npm.taobao.org/, tarball: https://registry.npmmirror.com/bson/download/bson-4.6.1.tgz}
    name: bson
    version: 4.6.1
    engines: {node: '>=6.9.0'}
    dependencies:
      buffer: registry.npmmirror.com/buffer/5.7.1
    dev: false

  registry.npmmirror.com/buffer/5.7.1:
    resolution: {integrity: sha512-EHcyIPBQ4BSGlvjB16k5KgAJ27CIsHY/2JBmCRReo48y9rQ3MaUzWX3KVlBa4U7MyX02HdVj0K7C3WaB3ju7FQ==, registry: https://registry.npm.taobao.org/, tarball: https://registry.npmmirror.com/buffer/download/buffer-5.7.1.tgz}
    name: buffer
    version: 5.7.1
    dependencies:
      base64-js: registry.nlark.com/base64-js/1.5.1
      ieee754: registry.nlark.com/ieee754/1.2.1
    dev: false

  registry.npmmirror.com/cookie/0.4.1:
    resolution: {integrity: sha512-ZwrFkGJxUR3EIoXtO+yVE69Eb7KlixbaeAWfBQB9vVsNn/o+Yw69gBWSSDK825hQNdN+wF8zELf3dFNl/kxkUA==, registry: https://registry.npm.taobao.org/, tarball: https://registry.npmmirror.com/cookie/download/cookie-0.4.1.tgz}
    name: cookie
    version: 0.4.1
    engines: {node: '>= 0.6'}
    dev: false

  registry.npmmirror.com/debug/4.3.3:
    resolution: {integrity: sha512-/zxw5+vh1Tfv+4Qn7a5nsbcJKPaSvCDhojn6FEl9vupwK2VCSDtEiEtqr8DFtzYFOdz63LBkxec7DYuc2jon6Q==, registry: https://registry.npm.taobao.org/, tarball: https://registry.npmmirror.com/debug/download/debug-4.3.3.tgz}
    name: debug
    version: 4.3.3
    engines: {node: '>=6.0'}
    peerDependencies:
      supports-color: '*'
    peerDependenciesMeta:
      supports-color:
        optional: true
    dependencies:
      ms: registry.npmmirror.com/ms/2.1.2
    dev: false

  registry.npmmirror.com/deepmerge/4.2.2:
    resolution: {integrity: sha512-FJ3UgI4gIl+PHZm53knsuSFpE+nESMr7M4v9QcgB7S63Kj/6WqMiFQJpBBYz1Pt+66bZpP3Q7Lye0Oo9MPKEdg==, registry: https://registry.npm.taobao.org/, tarball: https://registry.npmmirror.com/deepmerge/download/deepmerge-4.2.2.tgz}
    name: deepmerge
    version: 4.2.2
    engines: {node: '>=0.10.0'}
    dev: false

  registry.npmmirror.com/fast-decode-uri-component/1.0.1:
    resolution: {integrity: sha1-Rvi2wisw/3qBNX1PWav66TggJUM=, registry: https://registry.npm.taobao.org/, tarball: https://registry.npmmirror.com/fast-decode-uri-component/download/fast-decode-uri-component-1.0.1.tgz}
    name: fast-decode-uri-component
    version: 1.0.1
    dev: false

  registry.npmmirror.com/fast-json-stringify/2.7.13:
    resolution: {integrity: sha512-ar+hQ4+OIurUGjSJD1anvYSDcUflywhKjfxnsW4TBTD7+u0tJufv6DKRWoQk3vI6YBOWMoz0TQtfbe7dxbQmvA==, registry: https://registry.npm.taobao.org/, tarball: https://registry.npmmirror.com/fast-json-stringify/download/fast-json-stringify-2.7.13.tgz}
    name: fast-json-stringify
    version: 2.7.13
    engines: {node: '>= 10.0.0'}
    dependencies:
      ajv: registry.npmmirror.com/ajv/6.12.6
      deepmerge: registry.npmmirror.com/deepmerge/4.2.2
      rfdc: registry.nlark.com/rfdc/1.3.0
      string-similarity: registry.npmmirror.com/string-similarity/4.0.4
    dev: false

  registry.npmmirror.com/fast-redact/3.1.0:
    resolution: {integrity: sha512-dir8LOnvialLxiXDPESMDHGp82CHi6ZEYTVkcvdn5d7psdv9ZkkButXrOeXST4aqreIRR+N7CYlsrwFuorurVg==, registry: https://registry.npm.taobao.org/, tarball: https://registry.npmmirror.com/fast-redact/download/fast-redact-3.1.0.tgz}
    name: fast-redact
    version: 3.1.0
    engines: {node: '>=6'}

  registry.npmmirror.com/fastify-error/0.3.1:
    resolution: {integrity: sha1-jrmT4V489X8DV/xFKvkpDxwSeNI=, registry: https://registry.npm.taobao.org/, tarball: https://registry.npmmirror.com/fastify-error/download/fastify-error-0.3.1.tgz}
    name: fastify-error
    version: 0.3.1
    dev: false

  registry.npmmirror.com/fastify-warning/0.2.0:
    resolution: {integrity: sha1-5xd3YCakST3Jor76RNttF/YYAI8=, registry: https://registry.npm.taobao.org/, tarball: https://registry.npmmirror.com/fastify-warning/download/fastify-warning-0.2.0.tgz}
    name: fastify-warning
    version: 0.2.0
    dev: false

  registry.npmmirror.com/fastify/3.27.0:
    resolution: {integrity: sha512-p99Fd7xt4DFew39U5Wnp/Soy7jkpxpaqToekwQ3XWv+ECUPXd6bSF9l79EiwkutWALtEU/JiRlzS9qjP2gLHFg==, registry: https://registry.npm.taobao.org/, tarball: https://registry.npmmirror.com/fastify/download/fastify-3.27.0.tgz}
    name: fastify
    version: 3.27.0
    dependencies:
      '@fastify/ajv-compiler': registry.npmmirror.com/@fastify/ajv-compiler/1.1.0
      abstract-logging: registry.npmmirror.com/abstract-logging/2.0.1
      avvio: registry.npmmirror.com/avvio/7.2.2
      fast-json-stringify: registry.npmmirror.com/fast-json-stringify/2.7.13
      fastify-error: registry.npmmirror.com/fastify-error/0.3.1
      find-my-way: registry.npmmirror.com/find-my-way/4.5.1
      flatstr: registry.npmmirror.com/flatstr/1.0.12
      light-my-request: registry.npmmirror.com/light-my-request/4.7.0
      pino: registry.npmmirror.com/pino/6.13.4
      process-warning: registry.npmmirror.com/process-warning/1.0.0
      proxy-addr: registry.npmmirror.com/proxy-addr/2.0.7
      rfdc: registry.nlark.com/rfdc/1.3.0
      secure-json-parse: registry.npmmirror.com/secure-json-parse/2.4.0
      semver: registry.nlark.com/semver/7.3.5
      tiny-lru: registry.npmmirror.com/tiny-lru/7.0.6
    transitivePeerDependencies:
      - supports-color
    dev: false

  registry.npmmirror.com/find-my-way/4.5.1:
    resolution: {integrity: sha512-kE0u7sGoUFbMXcOG/xpkmz4sRLCklERnBcg7Ftuu1iAxsfEt2S46RLJ3Sq7vshsEy2wJT2hZxE58XZK27qa8kg==, registry: https://registry.npm.taobao.org/, tarball: https://registry.npmmirror.com/find-my-way/download/find-my-way-4.5.1.tgz}
    name: find-my-way
    version: 4.5.1
    engines: {node: '>=10'}
    dependencies:
      fast-decode-uri-component: registry.npmmirror.com/fast-decode-uri-component/1.0.1
      fast-deep-equal: registry.nlark.com/fast-deep-equal/3.1.3
      safe-regex2: registry.npmmirror.com/safe-regex2/2.0.0
      semver-store: registry.npmmirror.com/semver-store/0.3.0
    dev: false

  registry.npmmirror.com/flatstr/1.0.12:
    resolution: {integrity: sha1-wrpqCBc+27bJZA4wVbleKHzrWTE=, registry: https://registry.npm.taobao.org/, tarball: https://registry.npmmirror.com/flatstr/download/flatstr-1.0.12.tgz}
    name: flatstr
    version: 1.0.12
    dev: false

  registry.npmmirror.com/light-my-request/4.7.0:
    resolution: {integrity: sha512-LTa8YZp3K2AUpqUnwwKajoIHcsKOBnzwJNQSrk7unziPwo6CjOYjyO0F9wfkxFvP+nBsCGe3eMPnedVgIIgdAw==, registry: https://registry.npm.taobao.org/, tarball: https://registry.npmmirror.com/light-my-request/download/light-my-request-4.7.0.tgz}
    name: light-my-request
    version: 4.7.0
    dependencies:
      ajv: registry.npmmirror.com/ajv/8.9.0
      cookie: registry.npmmirror.com/cookie/0.4.1
      fastify-warning: registry.npmmirror.com/fastify-warning/0.2.0
      set-cookie-parser: registry.nlark.com/set-cookie-parser/2.4.8
    dev: false

  registry.npmmirror.com/mongodb-connection-string-url/2.4.1:
    resolution: {integrity: sha512-d5Kd2bVsKcSA7YI/yo57fSTtMwRQdFkvc5IZwod1RRxJtECeWPPSo7zqcUGJELifRA//Igs4spVtYAmvFCatug==, registry: https://registry.npm.taobao.org/, tarball: https://registry.npmmirror.com/mongodb-connection-string-url/download/mongodb-connection-string-url-2.4.1.tgz}
    name: mongodb-connection-string-url
    version: 2.4.1
    dependencies:
      '@types/whatwg-url': registry.npmmirror.com/@types/whatwg-url/8.2.1
      whatwg-url: registry.npmmirror.com/whatwg-url/11.0.0
    dev: false

  registry.npmmirror.com/mongodb/4.3.1:
    resolution: {integrity: sha512-sNa8APSIk+r4x31ZwctKjuPSaeKuvUeNb/fu/3B6dRM02HpEgig7hTHM8A/PJQTlxuC/KFWlDlQjhsk/S43tBg==, registry: https://registry.npm.taobao.org/, tarball: https://registry.npmmirror.com/mongodb/download/mongodb-4.3.1.tgz}
    name: mongodb
    version: 4.3.1
    engines: {node: '>=12.9.0'}
    dependencies:
      bson: registry.npmmirror.com/bson/4.6.1
      denque: registry.nlark.com/denque/2.0.1
      mongodb-connection-string-url: registry.npmmirror.com/mongodb-connection-string-url/2.4.1
      socks: registry.nlark.com/socks/2.6.1
    optionalDependencies:
      saslprep: registry.nlark.com/saslprep/1.0.3
    dev: false

  registry.npmmirror.com/ms/2.1.2:
    resolution: {integrity: sha1-0J0fNXtEP0kzgqjrPM0YOHKuYAk=, registry: https://registry.npm.taobao.org/, tarball: https://registry.npmmirror.com/ms/download/ms-2.1.2.tgz?cache=0&sync_timestamp=1632788163669&other_urls=https%3A%2F%2Fregistry.npmmirror.com%2Fms%2Fdownload%2Fms-2.1.2.tgz}
    name: ms
    version: 2.1.2
    dev: false

  registry.npmmirror.com/on-exit-leak-free/0.2.0:
    resolution: {integrity: sha1-s5yeO/dpDYkPSGFViw17kKRC0gk=, registry: https://registry.npm.taobao.org/, tarball: https://registry.npmmirror.com/on-exit-leak-free/download/on-exit-leak-free-0.2.0.tgz}
    name: on-exit-leak-free
    version: 0.2.0

  registry.npmmirror.com/pino-abstract-transport/0.5.0:
    resolution: {integrity: sha1-S1Q0jY9zcTv9FOPcRCKHOaoT2cA=, registry: https://registry.npm.taobao.org/, tarball: https://registry.npmmirror.com/pino-abstract-transport/download/pino-abstract-transport-0.5.0.tgz}
    name: pino-abstract-transport
    version: 0.5.0
    dependencies:
      duplexify: registry.nlark.com/duplexify/4.1.2
      split2: registry.npmmirror.com/split2/4.1.0

  registry.npmmirror.com/pino-std-serializers/3.2.0:
    resolution: {integrity: sha1-tWSHxALYguuWzWfCV4aAFrYa1nE=, registry: https://registry.npm.taobao.org/, tarball: https://registry.npmmirror.com/pino-std-serializers/download/pino-std-serializers-3.2.0.tgz}
    name: pino-std-serializers
    version: 3.2.0
    dev: false

  registry.npmmirror.com/pino-std-serializers/4.0.0:
    resolution: {integrity: sha1-F5HM0lOcCRrknOmZMgXizV27oeI=, registry: https://registry.npm.taobao.org/, tarball: https://registry.npmmirror.com/pino-std-serializers/download/pino-std-serializers-4.0.0.tgz}
    name: pino-std-serializers
    version: 4.0.0

  registry.npmmirror.com/pino/6.13.4:
    resolution: {integrity: sha512-g4tHSISmQJYUEKEMVdaZ+ZokWwFnTwZL5JPn+lnBVZ1BuBbrSchrXwQINknkM5+Q4fF6U9NjiI8PWwwMDHt9zA==, registry: https://registry.npm.taobao.org/, tarball: https://registry.npmmirror.com/pino/download/pino-6.13.4.tgz}
    name: pino
    version: 6.13.4
    hasBin: true
    dependencies:
      fast-redact: registry.npmmirror.com/fast-redact/3.1.0
      fast-safe-stringify: registry.nlark.com/fast-safe-stringify/2.1.1
      flatstr: registry.npmmirror.com/flatstr/1.0.12
      pino-std-serializers: registry.npmmirror.com/pino-std-serializers/3.2.0
      process-warning: registry.npmmirror.com/process-warning/1.0.0
      quick-format-unescaped: registry.npmmirror.com/quick-format-unescaped/4.0.4
      sonic-boom: registry.npmmirror.com/sonic-boom/1.4.1
    dev: false

  registry.npmmirror.com/pino/7.6.4:
    resolution: {integrity: sha512-ktibPg3ttWONxYQ2Efk1zYbIvofD5zdd/ReoujK84ggEp0REflb9TsXavSjt8u1CdT2mMJe9QQ3ZpyOQxUKipA==, registry: https://registry.npm.taobao.org/, tarball: https://registry.npmmirror.com/pino/download/pino-7.6.4.tgz}
    name: pino
    version: 7.6.4
    hasBin: true
    dependencies:
      fast-redact: registry.npmmirror.com/fast-redact/3.1.0
      on-exit-leak-free: registry.npmmirror.com/on-exit-leak-free/0.2.0
      pino-abstract-transport: registry.npmmirror.com/pino-abstract-transport/0.5.0
      pino-std-serializers: registry.npmmirror.com/pino-std-serializers/4.0.0
      process-warning: registry.npmmirror.com/process-warning/1.0.0
      quick-format-unescaped: registry.npmmirror.com/quick-format-unescaped/4.0.4
      real-require: registry.npmmirror.com/real-require/0.1.0
      safe-stable-stringify: registry.npmmirror.com/safe-stable-stringify/2.3.1
      sonic-boom: registry.npmmirror.com/sonic-boom/2.6.0
      thread-stream: registry.npmmirror.com/thread-stream/0.13.1

  registry.npmmirror.com/process-warning/1.0.0:
    resolution: {integrity: sha512-du4wfLyj4yCZq1VupnVSZmRsPJsNuxoDQFdCFHLaYiEbFBD7QE0a+I4D7hOxrVnh78QE/YipFAj9lXHiXocV+Q==, registry: https://registry.npm.taobao.org/, tarball: https://registry.npmmirror.com/process-warning/download/process-warning-1.0.0.tgz}
    name: process-warning
    version: 1.0.0

  registry.npmmirror.com/proxy-addr/2.0.7:
    resolution: {integrity: sha1-8Z/mnOqzEe65S0LnDowgcPm6ECU=, registry: https://registry.npm.taobao.org/, tarball: https://registry.npmmirror.com/proxy-addr/download/proxy-addr-2.0.7.tgz}
    name: proxy-addr
    version: 2.0.7
    engines: {node: '>= 0.10'}
    dependencies:
      forwarded: registry.nlark.com/forwarded/0.2.0
      ipaddr.js: registry.nlark.com/ipaddr.js/1.9.1
    dev: false

  registry.npmmirror.com/quick-format-unescaped/4.0.4:
    resolution: {integrity: sha1-k+9t2NNFPLx5cN1hT61MWVTWtac=, registry: https://registry.npm.taobao.org/, tarball: https://registry.npmmirror.com/quick-format-unescaped/download/quick-format-unescaped-4.0.4.tgz}
    name: quick-format-unescaped
    version: 4.0.4

  registry.npmmirror.com/real-require/0.1.0:
    resolution: {integrity: sha1-c2rCFMqiBjKEe3yowQVqB2ffk4E=, registry: https://registry.npm.taobao.org/, tarball: https://registry.npmmirror.com/real-require/download/real-require-0.1.0.tgz}
    name: real-require
    version: 0.1.0
    engines: {node: '>= 12.13.0'}

  registry.npmmirror.com/ret/0.2.2:
    resolution: {integrity: sha1-toYXgqH0di3OQ0Aqcet6KD9EVzw=, registry: https://registry.npm.taobao.org/, tarball: https://registry.npmmirror.com/ret/download/ret-0.2.2.tgz}
    name: ret
    version: 0.2.2
    engines: {node: '>=4'}
    dev: false

  registry.npmmirror.com/safe-regex2/2.0.0:
    resolution: {integrity: sha1-sodSTDl8eimURwNn4BheGRax9bk=, registry: https://registry.npm.taobao.org/, tarball: https://registry.npmmirror.com/safe-regex2/download/safe-regex2-2.0.0.tgz}
    name: safe-regex2
    version: 2.0.0
    dependencies:
      ret: registry.npmmirror.com/ret/0.2.2
    dev: false

  registry.npmmirror.com/safe-stable-stringify/2.3.1:
    resolution: {integrity: sha512-kYBSfT+troD9cDA85VDnHZ1rpHC50O0g1e6WlGHVCz/g+JS+9WKLj+XwFYyR8UbrZN8ll9HUpDAAddY58MGisg==, registry: https://registry.npm.taobao.org/, tarball: https://registry.npmmirror.com/safe-stable-stringify/download/safe-stable-stringify-2.3.1.tgz}
    name: safe-stable-stringify
    version: 2.3.1
    engines: {node: '>=10'}

  registry.npmmirror.com/secure-json-parse/2.4.0:
    resolution: {integrity: sha1-Wq6q74XHpBf3YnGk9bDMMxXdyoU=, registry: https://registry.npm.taobao.org/, tarball: https://registry.npmmirror.com/secure-json-parse/download/secure-json-parse-2.4.0.tgz}
    name: secure-json-parse
    version: 2.4.0
    dev: false

  registry.npmmirror.com/semver-store/0.3.0:
    resolution: {integrity: sha1-zmAv8H3zcIDsn0+0CylXZUe+++k=, registry: https://registry.npm.taobao.org/, tarball: https://registry.npmmirror.com/semver-store/download/semver-store-0.3.0.tgz}
    name: semver-store
    version: 0.3.0
    dev: false

  registry.npmmirror.com/sonic-boom/1.4.1:
    resolution: {integrity: sha1-011qdAdmJPEub5F63nuddekY9T4=, registry: https://registry.npm.taobao.org/, tarball: https://registry.npmmirror.com/sonic-boom/download/sonic-boom-1.4.1.tgz}
    name: sonic-boom
    version: 1.4.1
    dependencies:
      atomic-sleep: registry.npmmirror.com/atomic-sleep/1.0.0
      flatstr: registry.npmmirror.com/flatstr/1.0.12
    dev: false

  registry.npmmirror.com/sonic-boom/2.6.0:
    resolution: {integrity: sha512-6xYZFRmDEtxGqfOKcDQ4cPLrNa0SPEDI+wlzDAHowXE6YV42NeXqg9mP2KkiM8JVu3lHfZ2iQKYlGOz+kTpphg==, registry: https://registry.npm.taobao.org/, tarball: https://registry.npmmirror.com/sonic-boom/download/sonic-boom-2.6.0.tgz}
    name: sonic-boom
    version: 2.6.0
    dependencies:
      atomic-sleep: registry.npmmirror.com/atomic-sleep/1.0.0

  registry.npmmirror.com/split2/4.1.0:
    resolution: {integrity: sha1-EBkHokNw+Fu3gvCK2qvk4oHs+Ak=, registry: https://registry.npm.taobao.org/, tarball: https://registry.npmmirror.com/split2/download/split2-4.1.0.tgz}
    name: split2
    version: 4.1.0
    engines: {node: '>= 10.x'}

  registry.npmmirror.com/string-similarity/4.0.4:
    resolution: {integrity: sha1-QtAasLNGYOqKAY2o9WozCbuLKls=, registry: https://registry.npm.taobao.org/, tarball: https://registry.npmmirror.com/string-similarity/download/string-similarity-4.0.4.tgz}
    name: string-similarity
    version: 4.0.4
    dev: false

  registry.npmmirror.com/thread-stream/0.13.1:
    resolution: {integrity: sha512-+KNCqNxOSwYfXLtCIRDKQq29x9jvqnOFjYCPdB38sf4pT3QanPSNc8vRqMj+Q3z4tYIctb5opNZrMK/GwmgsAQ==, registry: https://registry.npm.taobao.org/, tarball: https://registry.npmmirror.com/thread-stream/download/thread-stream-0.13.1.tgz}
    name: thread-stream
    version: 0.13.1
    dependencies:
      real-require: registry.npmmirror.com/real-require/0.1.0

  registry.npmmirror.com/tiny-lru/7.0.6:
    resolution: {integrity: sha1-sMPN7eHliCqi0a4hyyzszyozHyQ=, registry: https://registry.npm.taobao.org/, tarball: https://registry.npmmirror.com/tiny-lru/download/tiny-lru-7.0.6.tgz}
    name: tiny-lru
    version: 7.0.6
    engines: {node: '>=6'}
    dev: false

  registry.npmmirror.com/tr46/3.0.0:
    resolution: {integrity: sha1-VVxOKXqVBhfo7t3vYzyH1NnWy/k=, registry: https://registry.npm.taobao.org/, tarball: https://registry.npmmirror.com/tr46/download/tr46-3.0.0.tgz}
    name: tr46
    version: 3.0.0
    engines: {node: '>=12'}
    dependencies:
      punycode: registry.nlark.com/punycode/2.1.1
    dev: false

  registry.npmmirror.com/whatwg-url/11.0.0:
    resolution: {integrity: sha1-CoSe67X68hGbkBu3b9eVwoSNQBg=, registry: https://registry.npm.taobao.org/, tarball: https://registry.npmmirror.com/whatwg-url/download/whatwg-url-11.0.0.tgz}
    name: whatwg-url
    version: 11.0.0
    engines: {node: '>=12'}
    dependencies:
      tr46: registry.npmmirror.com/tr46/3.0.0
      webidl-conversions: registry.nlark.com/webidl-conversions/7.0.0
    dev: false
